// !$*UTF8*$!
{
	archiveVersion = 1;
	classes = {
	};
	objectVersion = 46;
	objects = {

/* Begin PBXBuildFile section */
		E82DEDE91C56F79C00782111 /* MemeTextFieldDelegate.swift in Sources */ = {isa = PBXBuildFile; fileRef = E82DEDE81C56F79C00782111 /* MemeTextFieldDelegate.swift */; };
		E82DEDEF1C56FED800782111 /* Meme.swift in Sources */ = {isa = PBXBuildFile; fileRef = E82DEDEE1C56FED800782111 /* Meme.swift */; };
		E82DEDF61C570CCA00782111 /* .gitignore in Resources */ = {isa = PBXBuildFile; fileRef = E82DEDF51C570CCA00782111 /* .gitignore */; };
		E82DEE081C58201500782111 /* KeyboardMoveListener.swift in Sources */ = {isa = PBXBuildFile; fileRef = E82DEE071C58201500782111 /* KeyboardMoveListener.swift */; };
		E8D508F31C5033A8002E5123 /* AppDelegate.swift in Sources */ = {isa = PBXBuildFile; fileRef = E8D508F21C5033A8002E5123 /* AppDelegate.swift */; };
		E8D508F51C5033A8002E5123 /* EditorViewController.swift in Sources */ = {isa = PBXBuildFile; fileRef = E8D508F41C5033A8002E5123 /* EditorViewController.swift */; };
		E8D508F81C5033A8002E5123 /* Main.storyboard in Resources */ = {isa = PBXBuildFile; fileRef = E8D508F61C5033A8002E5123 /* Main.storyboard */; };
		E8D508FA1C5033A8002E5123 /* Assets.xcassets in Resources */ = {isa = PBXBuildFile; fileRef = E8D508F91C5033A8002E5123 /* Assets.xcassets */; };
		E8D508FD1C5033A8002E5123 /* LaunchScreen.storyboard in Resources */ = {isa = PBXBuildFile; fileRef = E8D508FB1C5033A8002E5123 /* LaunchScreen.storyboard */; };
		E8DAB9AE1C5AD1C40097997C /* TableViewController.swift in Sources */ = {isa = PBXBuildFile; fileRef = E8DAB9AD1C5AD1C40097997C /* TableViewController.swift */; };
		E8DAB9B31C5AD1D70097997C /* CollectionViewController.swift in Sources */ = {isa = PBXBuildFile; fileRef = E8DAB9B21C5AD1D70097997C /* CollectionViewController.swift */; };
		E8DAB9BA1C5B32500097997C /* MemeCollectionViewCell.swift in Sources */ = {isa = PBXBuildFile; fileRef = E8DAB9B91C5B32500097997C /* MemeCollectionViewCell.swift */; };
		E8DAB9C01C5BD6400097997C /* PreviewViewController.swift in Sources */ = {isa = PBXBuildFile; fileRef = E8DAB9BF1C5BD6400097997C /* PreviewViewController.swift */; };
/* End PBXBuildFile section */

/* Begin PBXFileReference section */
		E82DEDE81C56F79C00782111 /* MemeTextFieldDelegate.swift */ = {isa = PBXFileReference; fileEncoding = 4; lastKnownFileType = sourcecode.swift; path = MemeTextFieldDelegate.swift; sourceTree = "<group>"; };
		E82DEDEE1C56FED800782111 /* Meme.swift */ = {isa = PBXFileReference; fileEncoding = 4; lastKnownFileType = sourcecode.swift; path = Meme.swift; sourceTree = "<group>"; };
		E82DEDF51C570CCA00782111 /* .gitignore */ = {isa = PBXFileReference; fileEncoding = 4; lastKnownFileType = text; path = .gitignore; sourceTree = "<group>"; };
		E82DEE071C58201500782111 /* KeyboardMoveListener.swift */ = {isa = PBXFileReference; fileEncoding = 4; lastKnownFileType = sourcecode.swift; path = KeyboardMoveListener.swift; sourceTree = "<group>"; };
		E8D508EF1C5033A8002E5123 /* MemeMe.app */ = {isa = PBXFileReference; explicitFileType = wrapper.application; includeInIndex = 0; path = MemeMe.app; sourceTree = BUILT_PRODUCTS_DIR; };
		E8D508F21C5033A8002E5123 /* AppDelegate.swift */ = {isa = PBXFileReference; lastKnownFileType = sourcecode.swift; path = AppDelegate.swift; sourceTree = "<group>"; };
		E8D508F41C5033A8002E5123 /* EditorViewController.swift */ = {isa = PBXFileReference; lastKnownFileType = sourcecode.swift; path = EditorViewController.swift; sourceTree = "<group>"; };
		E8D508F71C5033A8002E5123 /* Base */ = {isa = PBXFileReference; lastKnownFileType = file.storyboard; name = Base; path = Base.lproj/Main.storyboard; sourceTree = "<group>"; };
		E8D508F91C5033A8002E5123 /* Assets.xcassets */ = {isa = PBXFileReference; lastKnownFileType = folder.assetcatalog; path = Assets.xcassets; sourceTree = "<group>"; };
		E8D508FC1C5033A8002E5123 /* Base */ = {isa = PBXFileReference; lastKnownFileType = file.storyboard; name = Base; path = Base.lproj/LaunchScreen.storyboard; sourceTree = "<group>"; };
		E8D508FE1C5033A8002E5123 /* Info.plist */ = {isa = PBXFileReference; lastKnownFileType = text.plist.xml; path = Info.plist; sourceTree = "<group>"; };
		E8DAB9AD1C5AD1C40097997C /* TableViewController.swift */ = {isa = PBXFileReference; fileEncoding = 4; lastKnownFileType = sourcecode.swift; path = TableViewController.swift; sourceTree = "<group>"; };
		E8DAB9B21C5AD1D70097997C /* CollectionViewController.swift */ = {isa = PBXFileReference; fileEncoding = 4; lastKnownFileType = sourcecode.swift; path = CollectionViewController.swift; sourceTree = "<group>"; };
		E8DAB9B91C5B32500097997C /* MemeCollectionViewCell.swift */ = {isa = PBXFileReference; fileEncoding = 4; lastKnownFileType = sourcecode.swift; path = MemeCollectionViewCell.swift; sourceTree = "<group>"; };
		E8DAB9BF1C5BD6400097997C /* PreviewViewController.swift */ = {isa = PBXFileReference; fileEncoding = 4; lastKnownFileType = sourcecode.swift; path = PreviewViewController.swift; sourceTree = "<group>"; };
/* End PBXFileReference section */

/* Begin PBXFrameworksBuildPhase section */
		E8D508EC1C5033A8002E5123 /* Frameworks */ = {
			isa = PBXFrameworksBuildPhase;
			buildActionMask = 2147483647;
			files = (
			);
			runOnlyForDeploymentPostprocessing = 0;
		};
/* End PBXFrameworksBuildPhase section */

/* Begin PBXGroup section */
		E8D508E61C5033A8002E5123 = {
			isa = PBXGroup;
			children = (
				E8D508F11C5033A8002E5123 /* MemeMe */,
				E8D508F01C5033A8002E5123 /* Products */,
				E82DEDF51C570CCA00782111 /* .gitignore */,
			);
			sourceTree = "<group>";
		};
		E8D508F01C5033A8002E5123 /* Products */ = {
			isa = PBXGroup;
			children = (
				E8D508EF1C5033A8002E5123 /* MemeMe.app */,
			);
			name = Products;
			sourceTree = "<group>";
		};
		E8D508F11C5033A8002E5123 /* MemeMe */ = {
			isa = PBXGroup;
			children = (
				E8D508F21C5033A8002E5123 /* AppDelegate.swift */,
				E8DAB9B91C5B32500097997C /* MemeCollectionViewCell.swift */,
				E8D508F61C5033A8002E5123 /* Main.storyboard */,
				E8D508FB1C5033A8002E5123 /* LaunchScreen.storyboard */,
				E8D508FE1C5033A8002E5123 /* Info.plist */,
				E8DAB9C21C5BD6540097997C /* Controllers */,
				E8DAB9C51C5BD6820097997C /* Helpers */,
				E8DAB9C31C5BD6620097997C /* Models */,
				E8D508F91C5033A8002E5123 /* Assets.xcassets */,
			);
			path = MemeMe;
			sourceTree = "<group>";
		};
		E8DAB9C21C5BD6540097997C /* Controllers */ = {
			isa = PBXGroup;
			children = (
				E8DAB9B21C5AD1D70097997C /* CollectionViewController.swift */,
				E8D508F41C5033A8002E5123 /* EditorViewController.swift */,
				E8DAB9AD1C5AD1C40097997C /* TableViewController.swift */,
				E8DAB9BF1C5BD6400097997C /* PreviewViewController.swift */,
			);
			name = Controllers;
			sourceTree = "<group>";
		};
		E8DAB9C31C5BD6620097997C /* Models */ = {
			isa = PBXGroup;
			children = (
				E82DEDEE1C56FED800782111 /* Meme.swift */,
			);
			name = Models;
			sourceTree = "<group>";
		};
		E8DAB9C51C5BD6820097997C /* Helpers */ = {
			isa = PBXGroup;
			children = (
				E82DEDE81C56F79C00782111 /* MemeTextFieldDelegate.swift */,
				E82DEE071C58201500782111 /* KeyboardMoveListener.swift */,
			);
			name = Helpers;
			sourceTree = "<group>";
		};
/* End PBXGroup section */

/* Begin PBXNativeTarget section */
		E8D508EE1C5033A8002E5123 /* MemeMe */ = {
			isa = PBXNativeTarget;
			buildConfigurationList = E8D509011C5033A8002E5123 /* Build configuration list for PBXNativeTarget "MemeMe" */;
			buildPhases = (
				E8D508EB1C5033A8002E5123 /* Sources */,
				E8D508EC1C5033A8002E5123 /* Frameworks */,
				E8D508ED1C5033A8002E5123 /* Resources */,
			);
			buildRules = (
			);
			dependencies = (
			);
			name = MemeMe;
			productName = MemeMe;
			productReference = E8D508EF1C5033A8002E5123 /* MemeMe.app */;
			productType = "com.apple.product-type.application";
		};
/* End PBXNativeTarget section */

/* Begin PBXProject section */
		E8D508E71C5033A8002E5123 /* Project object */ = {
			isa = PBXProject;
			attributes = {
				LastSwiftUpdateCheck = 0720;
				LastUpgradeCheck = 0720;
				ORGANIZATIONNAME = Egorio;
				TargetAttributes = {
					E8D508EE1C5033A8002E5123 = {
						CreatedOnToolsVersion = 7.2;
						DevelopmentTeam = 5FD6X66G22;
					};
				};
			};
			buildConfigurationList = E8D508EA1C5033A8002E5123 /* Build configuration list for PBXProject "MemeMe" */;
			compatibilityVersion = "Xcode 3.2";
			developmentRegion = English;
			hasScannedForEncodings = 0;
			knownRegions = (
				en,
				Base,
			);
			mainGroup = E8D508E61C5033A8002E5123;
			productRefGroup = E8D508F01C5033A8002E5123 /* Products */;
			projectDirPath = "";
			projectRoot = "";
			targets = (
				E8D508EE1C5033A8002E5123 /* MemeMe */,
			);
		};
/* End PBXProject section */

/* Begin PBXResourcesBuildPhase section */
		E8D508ED1C5033A8002E5123 /* Resources */ = {
			isa = PBXResourcesBuildPhase;
			buildActionMask = 2147483647;
			files = (
				E82DEDF61C570CCA00782111 /* .gitignore in Resources */,
				E8D508FD1C5033A8002E5123 /* LaunchScreen.storyboard in Resources */,
				E8D508FA1C5033A8002E5123 /* Assets.xcassets in Resources */,
				E8D508F81C5033A8002E5123 /* Main.storyboard in Resources */,
			);
			runOnlyForDeploymentPostprocessing = 0;
		};
/* End PBXResourcesBuildPhase section */

/* Begin PBXSourcesBuildPhase section */
		E8D508EB1C5033A8002E5123 /* Sources */ = {
			isa = PBXSourcesBuildPhase;
			buildActionMask = 2147483647;
			files = (
				E8D508F51C5033A8002E5123 /* EditorViewController.swift in Sources */,
				E8DAB9AE1C5AD1C40097997C /* TableViewController.swift in Sources */,
				E8DAB9BA1C5B32500097997C /* MemeCollectionViewCell.swift in Sources */,
				E82DEE081C58201500782111 /* KeyboardMoveListener.swift in Sources */,
				E82DEDEF1C56FED800782111 /* Meme.swift in Sources */,
				E8DAB9B31C5AD1D70097997C /* CollectionViewController.swift in Sources */,
				E82DEDE91C56F79C00782111 /* MemeTextFieldDelegate.swift in Sources */,
				E8D508F31C5033A8002E5123 /* AppDelegate.swift in Sources */,
				E8DAB9C01C5BD6400097997C /* PreviewViewController.swift in Sources */,
			);
			runOnlyForDeploymentPostprocessing = 0;
		};
/* End PBXSourcesBuildPhase section */

/* Begin PBXVariantGroup section */
		E8D508F61C5033A8002E5123 /* Main.storyboard */ = {
			isa = PBXVariantGroup;
			children = (
				E8D508F71C5033A8002E5123 /* Base */,
			);
			name = Main.storyboard;
			sourceTree = "<group>";
		};
		E8D508FB1C5033A8002E5123 /* LaunchScreen.storyboard */ = {
			isa = PBXVariantGroup;
			children = (
				E8D508FC1C5033A8002E5123 /* Base */,
			);
			name = LaunchScreen.storyboard;
			sourceTree = "<group>";
		};
/* End PBXVariantGroup section */

/* Begin XCBuildConfiguration section */
		E8D508FF1C5033A8002E5123 /* Debug */ = {
			isa = XCBuildConfiguration;
			buildSettings = {
				ALWAYS_SEARCH_USER_PATHS = NO;
				CLANG_CXX_LANGUAGE_STANDARD = "gnu++0x";
				CLANG_CXX_LIBRARY = "libc++";
				CLANG_ENABLE_MODULES = YES;
				CLANG_ENABLE_OBJC_ARC = YES;
				CLANG_WARN_BOOL_CONVERSION = YES;
				CLANG_WARN_CONSTANT_CONVERSION = YES;
				CLANG_WARN_DIRECT_OBJC_ISA_USAGE = YES_ERROR;
				CLANG_WARN_EMPTY_BODY = YES;
				CLANG_WARN_ENUM_CONVERSION = YES;
				CLANG_WARN_INT_CONVERSION = YES;
				CLANG_WARN_OBJC_ROOT_CLASS = YES_ERROR;
				CLANG_WARN_UNREACHABLE_CODE = YES;
				CLANG_WARN__DUPLICATE_METHOD_MATCH = YES;
				"CODE_SIGN_IDENTITY[sdk=iphoneos*]" = "iPhone Developer";
				COPY_PHASE_STRIP = NO;
				DEBUG_INFORMATION_FORMAT = dwarf;
				ENABLE_STRICT_OBJC_MSGSEND = YES;
				ENABLE_TESTABILITY = YES;
				GCC_C_LANGUAGE_STANDARD = gnu99;
				GCC_DYNAMIC_NO_PIC = NO;
				GCC_NO_COMMON_BLOCKS = YES;
				GCC_OPTIMIZATION_LEVEL = 0;
				GCC_PREPROCESSOR_DEFINITIONS = (
					"DEBUG=1",
					"$(inherited)",
				);
				GCC_WARN_64_TO_32_BIT_CONVERSION = YES;
				GCC_WARN_ABOUT_RETURN_TYPE = YES_ERROR;
				GCC_WARN_UNDECLARED_SELECTOR = YES;
				GCC_WARN_UNINITIALIZED_AUTOS = YES_AGGRESSIVE;
				GCC_WARN_UNUSED_FUNCTION = YES;
				GCC_WARN_UNUSED_VARIABLE = YES;
				IPHONEOS_DEPLOYMENT_TARGET = 9.2;
				MTL_ENABLE_DEBUG_INFO = YES;
				ONLY_ACTIVE_ARCH = YES;
				SDKROOT = iphoneos;
				SWIFT_OPTIMIZATION_LEVEL = "-Onone";
			};
			name = Debug;
		};
		E8D509001C5033A8002E5123 /* Release */ = {
			isa = XCBuildConfiguration;
			buildSettings = {
				ALWAYS_SEARCH_USER_PATHS = NO;
				CLANG_CXX_LANGUAGE_STANDARD = "gnu++0x";
				CLANG_CXX_LIBRARY = "libc++";
				CLANG_ENABLE_MODULES = YES;
				CLANG_ENABLE_OBJC_ARC = YES;
				CLANG_WARN_BOOL_CONVERSION = YES;
				CLANG_WARN_CONSTANT_CONVERSION = YES;
				CLANG_WARN_DIRECT_OBJC_ISA_USAGE = YES_ERROR;
				CLANG_WARN_EMPTY_BODY = YES;
				CLANG_WARN_ENUM_CONVERSION = YES;
				CLANG_WARN_INT_CONVERSION = YES;
				CLANG_WARN_OBJC_ROOT_CLASS = YES_ERROR;
				CLANG_WARN_UNREACHABLE_CODE = YES;
				CLANG_WARN__DUPLICATE_METHOD_MATCH = YES;
				"CODE_SIGN_IDENTITY[sdk=iphoneos*]" = "iPhone Developer";
				COPY_PHASE_STRIP = NO;
				DEBUG_INFORMATION_FORMAT = "dwarf-with-dsym";
				ENABLE_NS_ASSERTIONS = NO;
				ENABLE_STRICT_OBJC_MSGSEND = YES;
				GCC_C_LANGUAGE_STANDARD = gnu99;
				GCC_NO_COMMON_BLOCKS = YES;
				GCC_WARN_64_TO_32_BIT_CONVERSION = YES;
				GCC_WARN_ABOUT_RETURN_TYPE = YES_ERROR;
				GCC_WARN_UNDECLARED_SELECTOR = YES;
				GCC_WARN_UNINITIALIZED_AUTOS = YES_AGGRESSIVE;
				GCC_WARN_UNUSED_FUNCTION = YES;
				GCC_WARN_UNUSED_VARIABLE = YES;
				IPHONEOS_DEPLOYMENT_TARGET = 9.2;
				MTL_ENABLE_DEBUG_INFO = NO;
				SDKROOT = iphoneos;
				VALIDATE_PRODUCT = YES;
			};
			name = Release;
		};
		E8D509021C5033A8002E5123 /* Debug */ = {
			isa = XCBuildConfiguration;
			buildSettings = {
				ASSETCATALOG_COMPILER_APPICON_NAME = AppIcon;
				INFOPLIST_FILE = MemeMe/Info.plist;
				IPHONEOS_DEPLOYMENT_TARGET = 8.0;
				LD_RUNPATH_SEARCH_PATHS = "$(inherited) @executable_path/Frameworks";
				PRODUCT_BUNDLE_IDENTIFIER = "com.egorio.meme-me";
				PRODUCT_NAME = "$(TARGET_NAME)";
			};
			name = Debug;
		};
		E8D509031C5033A8002E5123 /* Release */ = {
			isa = XCBuildConfiguration;
			buildSettings = {
				ASSETCATALOG_COMPILER_APPICON_NAME = AppIcon;
				INFOPLIST_FILE = MemeMe/Info.plist;
				IPHONEOS_DEPLOYMENT_TARGET = 8.0;
				LD_RUNPATH_SEARCH_PATHS = "$(inherited) @executable_path/Frameworks";
				PRODUCT_BUNDLE_IDENTIFIER = "com.egorio.meme-me";
				PRODUCT_NAME = "$(TARGET_NAME)";
			};
			name = Release;
		};
/* End XCBuildConfiguration section */

/* Begin XCConfigurationList section */
		E8D508EA1C5033A8002E5123 /* Build configuration list for PBXProject "MemeMe" */ = {
			isa = XCConfigurationList;
			buildConfigurations = (
				E8D508FF1C5033A8002E5123 /* Debug */,
				E8D509001C5033A8002E5123 /* Release */,
			);
			defaultConfigurationIsVisible = 0;
			defaultConfigurationName = Release;
		};
		E8D509011C5033A8002E5123 /* Build configuration list for PBXNativeTarget "MemeMe" */ = {
			isa = XCConfigurationList;
			buildConfigurations = (
				E8D509021C5033A8002E5123 /* Debug */,
				E8D509031C5033A8002E5123 /* Release */,
			);
			defaultConfigurationIsVisible = 0;
			defaultConfigurationName = Release;
		};
/* End XCConfigurationList section */
	};
	rootObject = E8D508E71C5033A8002E5123 /* Project object */;
}
